
Microsoft Visual Studio Solution File, Format Version 12.00
# Visual Studio 14
VisualStudioVersion = 14.0.24720.0
MinimumVisualStudioVersion = 10.0.40219.1
Project("{FAE04EC0-301F-11D3-BF4B-00C04F79EFBC}") = "Geodan.Cloud.Client.DocumentService", "src\Geodan.Cloud.Client.DocumentService\Geodan.Cloud.Client.DocumentService.csproj", "{973197DF-B83A-4281-B472-E08AD3E3AE6A}"
EndProject
Project("{FAE04EC0-301F-11D3-BF4B-00C04F79EFBC}") = "Geodan.Cloud.Client.Core", "src\Geodan.Cloud.Client.Core\Geodan.Cloud.Client.Core.csproj", "{D2A418F6-ACE9-4237-A19D-6DFC29CFF47F}"
EndProject
Project("{FAE04EC0-301F-11D3-BF4B-00C04F79EFBC}") = "Geodan.Cloud.Client.GeoQuester", "src\Geodan.Cloud.Client.GeoQuester\Geodan.Cloud.Client.GeoQuester.csproj", "{5AA36CA5-7630-44C3-824B-CBEBCFA1C044}"
EndProject
Project("{2150E333-8FDC-42A3-9474-1A3956D46DE8}") = "Test", "Test", "{9B887077-408B-4C36-8E44-E8C84F9CAECA}"
EndProject
Project("{FAE04EC0-301F-11D3-BF4B-00C04F79EFBC}") = "Geodan.Cloud.Client.GeoQuester.Test", "test\Geodan.Cloud.Client.GeoQuester.test\Geodan.Cloud.Client.GeoQuester.Test.csproj", "{D16D0C9B-D769-464F-BA52-FD17CD12A8EA}"
EndProject
Project("{FAE04EC0-301F-11D3-BF4B-00C04F79EFBC}") = "Geodan.Cloud.Client.WhoAmI.Test", "test\Geodan.Cloud.Client.WhoAmI.test\Geodan.Cloud.Client.WhoAmI.Test.csproj", "{8CE78E6E-CB11-4EE3-84D4-FD9F0DE0AB04}"
EndProject
Project("{FAE04EC0-301F-11D3-BF4B-00C04F79EFBC}") = "Geodan.Cloud.Client.Routing", "src\Geodan.Cloud.Client.Routing\Geodan.Cloud.Client.Routing\Geodan.Cloud.Client.Routing.csproj", "{74C71293-239E-4531-B1ED-331451734D19}"
EndProject
Project("{FAE04EC0-301F-11D3-BF4B-00C04F79EFBC}") = "Geodan.Cloud.Client.Test", "test\Geodan.Cloud.Client.Test\Geodan.Cloud.Client.Test.csproj", "{8EDF4429-251A-416D-BB68-93F227191BCF}"
EndProject
Global
	GlobalSection(SolutionConfigurationPlatforms) = preSolution
		Debug|Any CPU = Debug|Any CPU
		Release|Any CPU = Release|Any CPU
	EndGlobalSection
	GlobalSection(ProjectConfigurationPlatforms) = postSolution
		{973197DF-B83A-4281-B472-E08AD3E3AE6A}.Debug|Any CPU.ActiveCfg = Debug|Any CPU
		{973197DF-B83A-4281-B472-E08AD3E3AE6A}.Debug|Any CPU.Build.0 = Debug|Any CPU
		{973197DF-B83A-4281-B472-E08AD3E3AE6A}.Release|Any CPU.ActiveCfg = Release|Any CPU
		{973197DF-B83A-4281-B472-E08AD3E3AE6A}.Release|Any CPU.Build.0 = Release|Any CPU
		{D2A418F6-ACE9-4237-A19D-6DFC29CFF47F}.Debug|Any CPU.ActiveCfg = Debug|Any CPU
		{D2A418F6-ACE9-4237-A19D-6DFC29CFF47F}.Debug|Any CPU.Build.0 = Debug|Any CPU
		{D2A418F6-ACE9-4237-A19D-6DFC29CFF47F}.Release|Any CPU.ActiveCfg = Release|Any CPU
		{D2A418F6-ACE9-4237-A19D-6DFC29CFF47F}.Release|Any CPU.Build.0 = Release|Any CPU
		{5AA36CA5-7630-44C3-824B-CBEBCFA1C044}.Debug|Any CPU.ActiveCfg = Debug|Any CPU
		{5AA36CA5-7630-44C3-824B-CBEBCFA1C044}.Debug|Any CPU.Build.0 = Debug|Any CPU
		{5AA36CA5-7630-44C3-824B-CBEBCFA1C044}.Release|Any CPU.ActiveCfg = Release|Any CPU
		{5AA36CA5-7630-44C3-824B-CBEBCFA1C044}.Release|Any CPU.Build.0 = Release|Any CPU
		{D16D0C9B-D769-464F-BA52-FD17CD12A8EA}.Debug|Any CPU.ActiveCfg = Debug|Any CPU
		{D16D0C9B-D769-464F-BA52-FD17CD12A8EA}.Debug|Any CPU.Build.0 = Debug|Any CPU
		{D16D0C9B-D769-464F-BA52-FD17CD12A8EA}.Release|Any CPU.ActiveCfg = Release|Any CPU
		{D16D0C9B-D769-464F-BA52-FD17CD12A8EA}.Release|Any CPU.Build.0 = Release|Any CPU
		{8CE78E6E-CB11-4EE3-84D4-FD9F0DE0AB04}.Debug|Any CPU.ActiveCfg = Debug|Any CPU
		{8CE78E6E-CB11-4EE3-84D4-FD9F0DE0AB04}.Debug|Any CPU.Build.0 = Debug|Any CPU
		{8CE78E6E-CB11-4EE3-84D4-FD9F0DE0AB04}.Release|Any CPU.ActiveCfg = Release|Any CPU
		{8CE78E6E-CB11-4EE3-84D4-FD9F0DE0AB04}.Release|Any CPU.Build.0 = Release|Any CPU
		{74C71293-239E-4531-B1ED-331451734D19}.Debug|Any CPU.ActiveCfg = Debug|Any CPU
		{74C71293-239E-4531-B1ED-331451734D19}.Debug|Any CPU.Build.0 = Debug|Any CPU
		{74C71293-239E-4531-B1ED-331451734D19}.Release|Any CPU.ActiveCfg = Release|Any CPU
		{74C71293-239E-4531-B1ED-331451734D19}.Release|Any CPU.Build.0 = Release|Any CPU
		{8EDF4429-251A-416D-BB68-93F227191BCF}.Debug|Any CPU.ActiveCfg = Debug|Any CPU
		{8EDF4429-251A-416D-BB68-93F227191BCF}.Debug|Any CPU.Build.0 = Debug|Any CPU
		{8EDF4429-251A-416D-BB68-93F227191BCF}.Release|Any CPU.ActiveCfg = Release|Any CPU
		{8EDF4429-251A-416D-BB68-93F227191BCF}.Release|Any CPU.Build.0 = Release|Any CPU
	EndGlobalSection
	GlobalSection(SolutionProperties) = preSolution
		HideSolutionNode = FALSE
	EndGlobalSection
	GlobalSection(NestedProjects) = preSolution
		{D16D0C9B-D769-464F-BA52-FD17CD12A8EA} = {9B887077-408B-4C36-8E44-E8C84F9CAECA}
		{8CE78E6E-CB11-4EE3-84D4-FD9F0DE0AB04} = {9B887077-408B-4C36-8E44-E8C84F9CAECA}
		{8EDF4429-251A-416D-BB68-93F227191BCF} = {9B887077-408B-4C36-8E44-E8C84F9CAECA}
	EndGlobalSection
EndGlobal
